{
  "name": "back",
  "version": "1.0.0",
  "lockfileVersion": 1,
  "requires": true,
  "dependencies": {
    "china-area-data": {
      "version": "5.0.1",
      "resolved": "https://registry.npm.taobao.org/china-area-data/download/china-area-data-5.0.1.tgz",
      "integrity": "sha1-eUO4OgYZ8DO7WJPagMtG5S5EvmY=",
      "dev": true
    },
    "element-china-area-data": {
      "version": "5.0.2",
      "resolved": "https://registry.npm.taobao.org/element-china-area-data/download/element-china-area-data-5.0.2.tgz",
      "integrity": "sha1-AGwmWUuIZcthmZQGPHMlYuRYPTA=",
      "dev": true,
      "requires": {
        "china-area-data": "^5.0.1",
        "lodash-es": "^4.17.15"
      }
    },
    "lodash-es": {
      "version": "4.17.20",
      "resolved": "https://registry.npm.taobao.org/lodash-es/download/lodash-es-4.17.20.tgz?cache=0&sync_timestamp=1608444862136&other_urls=https%3A%2F%2Fregistry.npm.taobao.org%2Flodash-es%2Fdownload%2Flodash-es-4.17.20.tgz",
      "integrity": "sha1-KfYzLu/GDoSfhpwmS8cRJq1h6Pc=",
      "dev": true
    }
  }
}
